{
  "object": {
    "pins": [
      {
        "package": "Core",
        "repositoryURL": "https://github.com/vapor/core.git",
        "state": {
          "branch": null,
          "revision": "7f56a09995bf3c8df562be456bdcda405d9d0678",
          "version": "3.4.1"
        }
      },
      {
        "package": "Crypto",
        "repositoryURL": "https://github.com/vapor/crypto.git",
        "state": {
          "branch": null,
          "revision": "4b85405430df1892ee3aa1554bdb477e96cf46ad",
          "version": "3.2.0"
        }
      },
      {
        "package": "DatabaseKit",
        "repositoryURL": "https://github.com/vapor/database-kit.git",
        "state": {
          "branch": null,
          "revision": "7a01659316b9f033fa2150d5cd5e9d3c3e46c2e3",
          "version": "1.3.0"
        }
      },
      {
        "package": "Files",
        "repositoryURL": "https://github.com/JohnSundell/Files.git",
        "state": {
          "branch": null,
          "revision": "06f95bd1bf4f8d5f50bc6bb30b808c253acd4c88",
          "version": "2.2.1"
        }
      },
      {
        "package": "HTTP",
        "repositoryURL": "https://github.com/vapor/http.git",
        "state": {
          "branch": null,
          "revision": "0fac5c7c9ab1e424621ba001d83cb59ffca99ad2",
          "version": "3.1.1"
        }
      },
      {
        "package": "Manifest",
        "repositoryURL": "https://github.com/Ether-CLI/Manifest.git",
        "state": {
          "branch": null,
          "revision": "21cf15c2ce50a630aed3a7d353c77d3a6dc953b1",
          "version": "0.4.6"
        }
      },
      {
        "package": "Multipart",
        "repositoryURL": "https://github.com/vapor/multipart.git",
        "state": {
          "branch": null,
          "revision": "e57007c23a52b68e44ebdfc70cbe882a7c4f1ec3",
          "version": "3.0.2"
        }
      },
      {
        "package": "Routing",
        "repositoryURL": "https://github.com/vapor/routing.git",
        "state": {
          "branch": null,
          "revision": "3219e328491b0853b8554c5a694add344d2c6cfb",
          "version": "3.0.1"
        }
      },
      {
        "package": "ShellOut",
        "repositoryURL": "https://github.com/JohnSundell/ShellOut.git",
        "state": {
          "branch": null,
          "revision": "f1c253a34a40df4bfd268b09fdb101b059f6d52d",
          "version": "2.1.0"
        }
      },
      {
        "package": "swift-nio",
        "repositoryURL": "https://github.com/apple/swift-nio.git",
        "state": {
          "branch": null,
          "revision": "cf08e673dc41dc63d34065234c8fc432e8d334c4",
          "version": "1.9.2"
        }
      },
      {
        "package": "swift-nio-ssl",
        "repositoryURL": "https://github.com/apple/swift-nio-ssl.git",
        "state": {
          "branch": null,
          "revision": "6617eb0d3afcb12170594968df01ca63afb58ac5",
          "version": "1.2.0"
        }
      },
      {
        "package": "swift-nio-ssl-support",
        "repositoryURL": "https://github.com/apple/swift-nio-ssl-support.git",
        "state": {
          "branch": null,
          "revision": "c02eec4e0e6d351cd092938cf44195a8e669f555",
          "version": "1.0.0"
        }
      },
      {
        "package": "swift-nio-zlib-support",
        "repositoryURL": "https://github.com/apple/swift-nio-zlib-support.git",
        "state": {
          "branch": null,
          "revision": "37760e9a52030bb9011972c5213c3350fa9d41fd",
          "version": "1.0.0"
        }
      },
      {
        "package": "TemplateKit",
        "repositoryURL": "https://github.com/vapor/template-kit.git",
        "state": {
          "branch": null,
          "revision": "db35b1c35aabd0f5db3abca0cfda7becfe9c43e2",
          "version": "1.1.0"
        }
      },
      {
        "package": "URLEncodedForm",
        "repositoryURL": "https://github.com/vapor/url-encoded-form.git",
        "state": {
          "branch": null,
          "revision": "cbfe7ef6301557d3f2d0807a98165232ae06e1c6",
          "version": "1.0.4"
        }
      },
      {
        "package": "Validation",
        "repositoryURL": "https://github.com/vapor/validation.git",
        "state": {
          "branch": null,
          "revision": "156f8adeac3440e868da3757777884efbc6ec0cc",
          "version": "2.1.0"
        }
      },
      {
        "package": "Vapor",
        "repositoryURL": "https://github.com/vapor/vapor.git",
        "state": {
          "branch": null,
          "revision": "54632a6c1e7ecd9923c0d00b612de936de1c4745",
          "version": "3.0.8"
        }
      },
      {
        "package": "WebSocket",
        "repositoryURL": "https://github.com/vapor/websocket.git",
        "state": {
          "branch": null,
          "revision": "141cb4d3814dc8062cb0b2f43e72801b5dfcf272",
          "version": "1.0.1"
        }
      },
      {
        "package": "Xgen",
        "repositoryURL": "https://github.com/JohnSundell/Xgen.git",
        "state": {
          "branch": null,
          "revision": "a8787177ed55fc7a530f5ffcea9183978d7fb232",
          "version": "2.1.0"
        }
      }
    ]
  },
  "version": 1
}
